{
    "_meta": {
        "hash": {
            "sha256": "8d03ef636c4bdf6496a2bf936a047184b6c5978f6990015393fcf8a19b811852"
        },
        "pipfile-spec": 6,
        "requires": {
            "python_version": "3.10"
        },
        "sources": [
            {
                "name": "pypi",
                "url": "https://pypi.org/simple",
                "verify_ssl": true
            }
        ]
    },
    "default": {
        "asgiref": {
            "hashes": [
                "sha256:1d2880b792ae8757289136f1db2b7b99100ce959b2aa57fd69dab783d05afac4",
                "sha256:4a29362a6acebe09bf1d6640db38c1dc3d9217c68e6f9f6204d72667fc19a424"
            ],
            "markers": "python_version >= '3.7'",
            "version": "==3.5.2"
        },
        "click": {
            "hashes": [
                "sha256:7682dc8afb30297001674575ea00d1814d808d6a36af415a82bd481d37ba7b8e",
                "sha256:bb4d8133cb15a609f44e8213d9b391b0809795062913b383c62be0ee95b1db48"
            ],
            "markers": "python_version >= '3.7'",
            "version": "==8.1.3"
        },
        "coverage": {
            "hashes": [
                "sha256:027018943386e7b942fa832372ebc120155fd970837489896099f5cfa2890f79",
                "sha256:11b990d520ea75e7ee8dcab5bc908072aaada194a794db9f6d7d5cfd19661e5a",
                "sha256:12adf310e4aafddc58afdb04d686795f33f4d7a6fa67a7a9d4ce7d6ae24d949f",
                "sha256:1431986dac3923c5945271f169f59c45b8802a114c8f548d611f2015133df77a",
                "sha256:1ef221513e6f68b69ee9e159506d583d31aa3567e0ae84eaad9d6ec1107dddaa",
                "sha256:20c8ac5386253717e5ccc827caad43ed66fea0efe255727b1053a8154d952398",
                "sha256:2198ea6fc548de52adc826f62cb18554caedfb1d26548c1b7c88d8f7faa8f6ba",
                "sha256:255758a1e3b61db372ec2736c8e2a1fdfaf563977eedbdf131de003ca5779b7d",
                "sha256:265de0fa6778d07de30bcf4d9dc471c3dc4314a23a3c6603d356a3c9abc2dfcf",
                "sha256:33a7da4376d5977fbf0a8ed91c4dffaaa8dbf0ddbf4c8eea500a2486d8bc4d7b",
                "sha256:42eafe6778551cf006a7c43153af1211c3aaab658d4d66fa5fcc021613d02518",
                "sha256:4433b90fae13f86fafff0b326453dd42fc9a639a0d9e4eec4d366436d1a41b6d",
                "sha256:4a5375e28c5191ac38cca59b38edd33ef4cc914732c916f2929029b4bfb50795",
                "sha256:4a8dbc1f0fbb2ae3de73eb0bdbb914180c7abfbf258e90b311dcd4f585d44bd2",
                "sha256:59f53f1dc5b656cafb1badd0feb428c1e7bc19b867479ff72f7a9dd9b479f10e",
                "sha256:5dbec3b9095749390c09ab7c89d314727f18800060d8d24e87f01fb9cfb40b32",
                "sha256:633713d70ad6bfc49b34ead4060531658dc6dfc9b3eb7d8a716d5873377ab745",
                "sha256:6b07130585d54fe8dff3d97b93b0e20290de974dc8177c320aeaf23459219c0b",
                "sha256:6c4459b3de97b75e3bd6b7d4b7f0db13f17f504f3d13e2a7c623786289dd670e",
                "sha256:6d4817234349a80dbf03640cec6109cd90cba068330703fa65ddf56b60223a6d",
                "sha256:723e8130d4ecc8f56e9a611e73b31219595baa3bb252d539206f7bbbab6ffc1f",
                "sha256:784f53ebc9f3fd0e2a3f6a78b2be1bd1f5575d7863e10c6e12504f240fd06660",
                "sha256:7b6be138d61e458e18d8e6ddcddd36dd96215edfe5f1168de0b1b32635839b62",
                "sha256:7ccf362abd726b0410bf8911c31fbf97f09f8f1061f8c1cf03dfc4b6372848f6",
                "sha256:83516205e254a0cb77d2d7bb3632ee019d93d9f4005de31dca0a8c3667d5bc04",
                "sha256:851cf4ff24062c6aec510a454b2584f6e998cada52d4cb58c5e233d07172e50c",
                "sha256:8f830ed581b45b82451a40faabb89c84e1a998124ee4212d440e9c6cf70083e5",
                "sha256:94e2565443291bd778421856bc975d351738963071e9b8839ca1fc08b42d4bef",
                "sha256:95203854f974e07af96358c0b261f1048d8e1083f2de9b1c565e1be4a3a48cfc",
                "sha256:97117225cdd992a9c2a5515db1f66b59db634f59d0679ca1fa3fe8da32749cae",
                "sha256:98e8a10b7a314f454d9eff4216a9a94d143a7ee65018dd12442e898ee2310578",
                "sha256:a1170fa54185845505fbfa672f1c1ab175446c887cce8212c44149581cf2d466",
                "sha256:a6b7d95969b8845250586f269e81e5dfdd8ff828ddeb8567a4a2eaa7313460c4",
                "sha256:a8fb6cf131ac4070c9c5a3e21de0f7dc5a0fbe8bc77c9456ced896c12fcdad91",
                "sha256:af4fffaffc4067232253715065e30c5a7ec6faac36f8fc8d6f64263b15f74db0",
                "sha256:b4a5be1748d538a710f87542f22c2cad22f80545a847ad91ce45e77417293eb4",
                "sha256:b5604380f3415ba69de87a289a2b56687faa4fe04dbee0754bfcae433489316b",
                "sha256:b9023e237f4c02ff739581ef35969c3739445fb059b060ca51771e69101efffe",
                "sha256:bc8ef5e043a2af066fa8cbfc6e708d58017024dc4345a1f9757b329a249f041b",
                "sha256:c4ed2820d919351f4167e52425e096af41bfabacb1857186c1ea32ff9983ed75",
                "sha256:cca4435eebea7962a52bdb216dec27215d0df64cf27fc1dd538415f5d2b9da6b",
                "sha256:d900bb429fdfd7f511f868cedd03a6bbb142f3f9118c09b99ef8dc9bf9643c3c",
                "sha256:d9ecf0829c6a62b9b573c7bb6d4dcd6ba8b6f80be9ba4fc7ed50bf4ac9aecd72",
                "sha256:dbdb91cd8c048c2b09eb17713b0c12a54fbd587d79adcebad543bc0cd9a3410b",
                "sha256:de3001a203182842a4630e7b8d1a2c7c07ec1b45d3084a83d5d227a3806f530f",
                "sha256:e07f4a4a9b41583d6eabec04f8b68076ab3cd44c20bd29332c6572dda36f372e",
                "sha256:ef8674b0ee8cc11e2d574e3e2998aea5df5ab242e012286824ea3c6970580e53",
                "sha256:f4f05d88d9a80ad3cac6244d36dd89a3c00abc16371769f1340101d3cb899fc3",
                "sha256:f642e90754ee3e06b0e7e51bce3379590e76b7f76b708e1a71ff043f87025c84",
                "sha256:fc2af30ed0d5ae0b1abdb4ebdce598eafd5b35397d4d75deb341a614d333d987"
            ],
            "index": "pypi",
            "version": "==6.5.0"
        },
        "django": {
            "hashes": [
                "sha256:678bbfc8604eb246ed54e2063f0765f13b321a50526bdc8cb1f943eda7fa31f1",
                "sha256:6b1de6886cae14c7c44d188f580f8ba8da05750f544c80ae5ad43375ab293cd5"
            ],
            "index": "pypi",
            "version": "==4.1.3"
        },
        "djangorestframework": {
            "hashes": [
                "sha256:579a333e6256b09489cbe0a067e66abe55c6595d8926be6b99423786334350c8",
                "sha256:eb63f58c9f218e1a7d064d17a70751f528ed4e1d35547fdade9aaf4cd103fd08"
            ],
            "index": "pypi",
            "version": "==3.14.0"
        },
        "faker": {
            "hashes": [
                "sha256:20d090e661bbe88a5d801ea5eb3d853564940352120c84c9a14968847aca2893",
                "sha256:b95b2423ef18d17dcd5977732a0bf0fbbde4937f10dce24ff804581f7f3ca4e9"
            ],
            "index": "pypi",
            "version": "==15.3.3"
        },
        "h11": {
            "hashes": [
                "sha256:8f19fbbe99e72420ff35c00b27a34cb9937e902a8b810e2c88300c6f0a3b699d",
                "sha256:e3fe4ac4b851c468cc8363d500db52c2ead036020723024a109d37346efaa761"
            ],
            "markers": "python_version >= '3.7'",
            "version": "==0.14.0"
        },
        "numpy": {
            "hashes": [
                "sha256:01dd17cbb340bf0fc23981e52e1d18a9d4050792e8fb8363cecbf066a84b827d",
                "sha256:06005a2ef6014e9956c09ba07654f9837d9e26696a0470e42beedadb78c11b07",
                "sha256:09b7847f7e83ca37c6e627682f145856de331049013853f344f37b0c9690e3df",
                "sha256:0aaee12d8883552fadfc41e96b4c82ee7d794949e2a7c3b3a7201e968c7ecab9",
                "sha256:0cbe9848fad08baf71de1a39e12d1b6310f1d5b2d0ea4de051058e6e1076852d",
                "sha256:1b1766d6f397c18153d40015ddfc79ddb715cabadc04d2d228d4e5a8bc4ded1a",
                "sha256:33161613d2269025873025b33e879825ec7b1d831317e68f4f2f0f84ed14c719",
                "sha256:5039f55555e1eab31124a5768898c9e22c25a65c1e0037f4d7c495a45778c9f2",
                "sha256:522e26bbf6377e4d76403826ed689c295b0b238f46c28a7251ab94716da0b280",
                "sha256:56e454c7833e94ec9769fa0f86e6ff8e42ee38ce0ce1fa4cbb747ea7e06d56aa",
                "sha256:58f545efd1108e647604a1b5aa809591ccd2540f468a880bedb97247e72db387",
                "sha256:5e05b1c973a9f858c74367553e236f287e749465f773328c8ef31abe18f691e1",
                "sha256:7903ba8ab592b82014713c491f6c5d3a1cde5b4a3bf116404e08f5b52f6daf43",
                "sha256:8969bfd28e85c81f3f94eb4a66bc2cf1dbdc5c18efc320af34bffc54d6b1e38f",
                "sha256:92c8c1e89a1f5028a4c6d9e3ccbe311b6ba53694811269b992c0b224269e2398",
                "sha256:9c88793f78fca17da0145455f0d7826bcb9f37da4764af27ac945488116efe63",
                "sha256:a7ac231a08bb37f852849bbb387a20a57574a97cfc7b6cabb488a4fc8be176de",
                "sha256:abdde9f795cf292fb9651ed48185503a2ff29be87770c3b8e2a14b0cd7aa16f8",
                "sha256:af1da88f6bc3d2338ebbf0e22fe487821ea4d8e89053e25fa59d1d79786e7481",
                "sha256:b2a9ab7c279c91974f756c84c365a669a887efa287365a8e2c418f8b3ba73fb0",
                "sha256:bf837dc63ba5c06dc8797c398db1e223a466c7ece27a1f7b5232ba3466aafe3d",
                "sha256:ca51fcfcc5f9354c45f400059e88bc09215fb71a48d3768fb80e357f3b457e1e",
                "sha256:ce571367b6dfe60af04e04a1834ca2dc5f46004ac1cc756fb95319f64c095a96",
                "sha256:d208a0f8729f3fb790ed18a003f3a57895b989b40ea4dce4717e9cf4af62c6bb",
                "sha256:dbee87b469018961d1ad79b1a5d50c0ae850000b639bcb1b694e9981083243b6",
                "sha256:e9f4c4e51567b616be64e05d517c79a8a22f3606499941d97bb76f2ca59f982d",
                "sha256:f063b69b090c9d918f9df0a12116029e274daf0181df392839661c4c7ec9018a",
                "sha256:f9a909a8bae284d46bbfdefbdd4a262ba19d3bc9921b1e76126b1d21c3c34135"
            ],
            "index": "pypi",
            "version": "==1.23.5"
        },
        "pycountry": {
            "hashes": [
                "sha256:b2163a246c585894d808f18783e19137cb70a0c18fb36748dc01fc6f109c1646"
            ],
            "index": "pypi",
            "version": "==22.3.5"
        },
        "pyenchant": {
            "hashes": [
                "sha256:1cf830c6614362a78aab78d50eaf7c6c93831369c52e1bb64ffae1df0341e637",
                "sha256:5a636832987eaf26efe971968f4d1b78e81f62bca2bde0a9da210c7de43c3bce",
                "sha256:5facc821ece957208a81423af7d6ec7810dad29697cb0d77aae81e4e11c8e5a6",
                "sha256:6153f521852e23a5add923dbacfbf4bebbb8d70c4e4bad609a8e0f9faeb915d1"
            ],
            "index": "pypi",
            "version": "==3.2.2"
        },
        "python-dateutil": {
            "hashes": [
                "sha256:0123cacc1627ae19ddf3c27a5de5bd67ee4586fbdd6440d9748f8abb483d3e86",
                "sha256:961d03dc3453ebbc59dbdea9e4e11c5651520a876d0f4db161e8674aae935da9"
            ],
            "markers": "python_version >= '2.7' and python_version not in '3.0, 3.1, 3.2, 3.3'",
            "version": "==2.8.2"
        },
        "pytz": {
            "hashes": [
                "sha256:222439474e9c98fced559f1709d89e6c9cbf8d79c794ff3eb9f8800064291427",
                "sha256:e89512406b793ca39f5971bc999cc538ce125c0e51c27941bef4568b460095e2"
            ],
            "version": "==2022.6"
        },
        "setuptools": {
            "hashes": [
                "sha256:57f6f22bde4e042978bcd50176fdb381d7c21a9efa4041202288d3737a0c6a54",
                "sha256:a7620757bf984b58deaf32fc8a4577a9bbc0850cf92c20e1ce41c38c19e5fb75"
            ],
            "markers": "python_version >= '3.7'",
            "version": "==65.6.3"
        },
        "six": {
            "hashes": [
                "sha256:1e61c37477a1626458e36f7b1d82aa5c9b094fa4802892072e49de9c60c4c926",
                "sha256:8abb2f1d86890a2dfb989f9a77cfcfd3e47c2a354b01111771326f8aa26e0254"
            ],
            "markers": "python_version >= '2.7' and python_version not in '3.0, 3.1, 3.2, 3.3'",
            "version": "==1.16.0"
        },
        "sqlparse": {
            "hashes": [
                "sha256:0323c0ec29cd52bceabc1b4d9d579e311f3e4961b98d174201d5622a23b85e34",
                "sha256:69ca804846bb114d2ec380e4360a8a340db83f0ccf3afceeb1404df028f57268"
            ],
            "markers": "python_version >= '3.5'",
            "version": "==0.4.3"
        },
        "ujson": {
            "hashes": [
                "sha256:0762a4fdf86e01f3f8d8b6b7158d01fdd870799ff3f402b676e358fcd879e7eb",
                "sha256:10095160dbe6bba8059ad6677a01da251431f4c68041bf796dcac0956b34f8f7",
                "sha256:1a485117f97312bef45f5d79d2ff97eff4da503b8a04f3691f59d31141686459",
                "sha256:1cef44ea4973344baed3d50a5da4a8843de3a6af7dea7fadf0a594e53ce5892f",
                "sha256:1dc2f46c31ef22b0aaa28cd71be897bea271e700636658d573df9c43c49ebbd0",
                "sha256:21678d7e068707e4d54bdfeb8c250ebc548b51e499aed778b22112ca31a79669",
                "sha256:278aa9d7cb56435c96d19f5d702e026bcf69f824e24b41e9b52706abd3565837",
                "sha256:2ab011e3556a9a1d9461bd686870c527327765ed02fe53550531d6609a8a33ff",
                "sha256:2d90414e3b4b44b39825049185959488e084ea7fcaf6124afd5c00893938b09d",
                "sha256:2e506ecf89b6b9d304362ccef770831ec242a52c89dab1b4aabf1ab0eb1d5ed6",
                "sha256:33cd9084fefc74cbacf88c92fd260b61211e00bcde38d640c369e5dc34a2b4e1",
                "sha256:3b74467564814fbce322427a5664e6bcc7dae6dbc8acbef76300fe43ca4072ab",
                "sha256:3f3f4240d99d55eb97cb012e9adf401f5ed9cd827af0341ac44603832202b0d2",
                "sha256:3fe1aea596f9539fc20cd9e52f098c842afc090168824fd4ca9744fe13151a03",
                "sha256:4a8cb3c8637006c5bd8237ebb5992a76ba06e39988ad5cff2096227443e8fd6a",
                "sha256:4ef4ab8352861b99bd7fedb1fc6df3ea7f7d5216c789ba6d859e4ea06f1a4c45",
                "sha256:5035bb997d163f346c22abcec75190e7e756a5349e7c708bd3d5fd7066a9a854",
                "sha256:593a0f6fb0e186c5ba65465ed6f6215a30d1efa898c25e74de1c8577a1bff6d0",
                "sha256:59cdcd934385f36e8bd76aedc234371cc75c848d95bdce804ac8aa8744cfeffa",
                "sha256:5a9b1320d8363a42d857fae8065a2174d38217cdd58cd8dc4f48d54e0591271e",
                "sha256:5f9681ec4c60d0da590552427d770636d9079038c30b265f507ccde23caa7823",
                "sha256:5fd797a4837ba10671954e7c09010cec7aca67e09d193f4920a16beea5f66f65",
                "sha256:6019e3480d933d3698f2ecb4b46d64bfadd64e718f04fac36e681f3254b49a93",
                "sha256:603607f56a0ee84d9cd2c7e9b1d29b18a70684b94ee34f07b9ffe8dc9c8a9f81",
                "sha256:60a4b481978ea2aad8fe8af1ecc271624d01b3cf4b09e9b643dd2fe19c07634c",
                "sha256:6b9812638d7aa8ecda2e8e1513fb4da999249603bffab7439a5f8f0bb362b0db",
                "sha256:6c7ae6e0778ab9610f5e80e0595957d101ab8de18c32a8c053a19943ef4831d0",
                "sha256:6f83be8257b2f2dd6dea5ee62cd28db90584da7a7af1fba77a2102fc7943638a",
                "sha256:701e81e047f5c0cffd4ac828efca68b0bd270c616654966a051e9a5f836b385e",
                "sha256:703fd69d9cb21d6ec2086789df9be2cf8140a76ff127050c24007ea8940dcd3b",
                "sha256:7471d4486f23518cff343f1eec6c68d1b977ed74c3e6cc3e1ac896b9b7d68645",
                "sha256:765d46f3d5e7a1d48075035e2d1a9164f683e3fccde834ca04602e6c588835bc",
                "sha256:7a09d203983104918c62f2eef9406f24c355511f9217967df23e70fa7f5b54ff",
                "sha256:7c20cc83b0df47129ec6ed8a47fa7dcfc309c5bad029464004162738502568bb",
                "sha256:7d7cfac2547c93389fa303fc0c0eb6698825564e8389c41c9b60009c746207b6",
                "sha256:7d87c817b292efb748f1974f37e8bb8a8772ef92f05f84e507159360814bcc3f",
                "sha256:8141f654432cf75144d6103bfac2286b8adf23467201590b173a74535d6be22d",
                "sha256:849f2ff40264152f25589cb48ddb4a43d14db811f841ec73989bfc0c8c4853fa",
                "sha256:880c84ce59f49776cf120f77e7ca04877c97c6887917078dbc369eb47004d7cf",
                "sha256:94874584b733a18b310b0e954d53168e62cd4a0fd9db85b1903f0902a7eb33e8",
                "sha256:95603eff711b8f3b9596e1c961dbeb745a792ba1904141612f194e07edd71e5f",
                "sha256:9585892091ae86045135d6a6129a644142d6a51b23e1428bb5de6d10bc0ce0c7",
                "sha256:977bf5be704a88d46bf5b228df8b44521b1f3119d741062191608b3a6a38f224",
                "sha256:9cdc46859024501c20ab74ad542cdf2f08b94b5ce384f2f569483fa3ed926d04",
                "sha256:a34a5f034b339f69ef7f6a134c22d04b92e07b6ddc1dd65382e7e4ec65d6437d",
                "sha256:a655f7b755cfc5c07f2116b6dcf0ba148c89adef9a6d40c1b0f1fada878c4345",
                "sha256:a7d12f2d2df195c8c4e49d2cdbad640353a856c62ca2c624d8b47aa33b65a2a2",
                "sha256:abfe83e082c9208891e2158c1b5044a650ecec408b823bf6bf16cd7f8085cafa",
                "sha256:b25077a971c7da47bd6846a912a747f6963776d90720c88603b1b55d81790780",
                "sha256:bf416a93e1331820c77e3429df26946dbd4fe105e9b487cd2d1b7298b75784a8",
                "sha256:c04ae27e076d81a3839047d8eed57c1e17e361640616fd520d752375e3ba8f0c",
                "sha256:d5bea13c73f36c4346808df3fa806596163a7962b6d28001ca2a391cab856089",
                "sha256:d75bef34e69e7effb7b4849e3f830e3174d2cc6ec7273503fdde111c222dc9b3",
                "sha256:d93940664a5ccfd79f72dcb939b0c31a3479889f14f0eb95ec52976f8c0cae7d",
                "sha256:d9c89c521dc90c7564358e525f849b93ad1d710553c1491f66b8cce8113bc901",
                "sha256:e0b36257dc90194784531c3b922d8d31fb2b4d8e5adfd27aff4eee7174176365",
                "sha256:e1135264bcd40965cd35b0869e36952f54825024befdc7a923df9a7d83cfd800",
                "sha256:e510d288e613d6927796dfb728e13e4530fc83b9ccac5888a21f7860486eab21",
                "sha256:ee9a2c9a4b2421e77f8fe33ed0621dea03c66c710707553020b1e32f3afb6240",
                "sha256:f19f11055ba2961eb39bdb1ff15763a53fca4fa0b5b624da3c7a528e83cdd09c",
                "sha256:f26544bc10c83a2ff9aa2e093500c1b473f327faae31fb468d591e5823333376",
                "sha256:f4875cafc9a6482c04c7df52a725d1c41beb74913c0ff4ec8f189f1954a2afe9",
                "sha256:f5179088ef6487c475604b7898731a6ddeeada7702cfb2162155b016703a8475",
                "sha256:f63d1ae1ca17bb2c847e298c7bcf084a73d56d434b4c50509fb93a4b4300b0b2",
                "sha256:ff4928dc1e9704b567171c16787238201fdbf023665573c12c02146fe1e02eec"
            ],
            "index": "pypi",
            "version": "==5.5.0"
        },
        "uvicorn": {
            "hashes": [
                "sha256:a4e12017b940247f836bc90b72e725d7dfd0c8ed1c51eb365f5ba30d9f5127d8",
                "sha256:c3ed1598a5668208723f2bb49336f4509424ad198d6ab2615b7783db58d919fd"
            ],
            "index": "pypi",
            "version": "==0.20.0"
        }
    },
    "develop": {}
}
